// !$*UTF8*$!
{
	archiveVersion = 1;
	classes = {};
	objectVersion = 56;
	objects = {
		A058238D1AA140E2AB74E620 = {isa = PBXBuildFile; fileRef = DF27065667FC4CF691202740; };
		E2EF8F65AB154729994704E2 = {isa = PBXBuildFile; fileRef = DCB18AB4B5D94B3DBD3BC481; };
		798249EC6B5F49B9B139E5E0 = {isa = PBXBuildFile; fileRef = 7AF0F85A9FA140C1AF7C341D; };
		AC39C5BAB7214263B54B85F7 = {isa = PBXFileReference; explicitFileType = wrapper.application; includeInIndex = 0; path = BlazonCalc.app; sourceTree = BUILT_PRODUCTS_DIR; };
		DF27065667FC4CF691202740 = {isa = PBXFileReference; lastKnownFileType = sourcecode.swift; path = CalculatorIOSApp.swift; sourceTree = "<group>"; };
		DCB18AB4B5D94B3DBD3BC481 = {isa = PBXFileReference; lastKnownFileType = sourcecode.swift; path = CalculatorView.swift; sourceTree = "<group>"; };
		7AF0F85A9FA140C1AF7C341D = {isa = PBXFileReference; lastKnownFileType = folder.assetcatalog; path = Assets.xcassets; sourceTree = "<group>"; };
		342B79CF52D940D7BCDD4731 = {isa = PBXFrameworksBuildPhase; buildActionMask = 2147483647; files = (); runOnlyForDeploymentPostprocessing = 0; };
		D82E9F20AEF947EB8047EA78 = {isa = PBXGroup; children = (DF27065667FC4CF691202740, DCB18AB4B5D94B3DBD3BC481, 7AF0F85A9FA140C1AF7C341D, D41773F1F81949F68DFE29F1); path = BlazonCalc; sourceTree = "<group>"; };
		D41773F1F81949F68DFE29F1 = {isa = PBXGroup; children = (AC39C5BAB7214263B54B85F7); name = Products; sourceTree = "<group>"; };
		0F73B73B3F7D44DFA1C9E58D = {isa = PBXNativeTarget; buildConfigurationList = DAF9A7B0679A4B939DF9914B; buildPhases = (E727B796E77442509677A9AA, 342B79CF52D940D7BCDD4731, FCC6FBBFF48144CD8530BF96); buildRules = (); dependencies = (); name = BlazonCalc; productName = BlazonCalc; productReference = AC39C5BAB7214263B54B85F7; productType = "com.apple.product-type.application"; };
		988196E7325C49B9854AD401 = {isa = PBXProject; attributes = {BuildIndependentTargetsInParallel = 1; LastSwiftUpdateCheck = 1500; LastUpgradeCheck = 1500; TargetAttributes = {0F73B73B3F7D44DFA1C9E58D = {CreatedOnToolsVersion = 15.0; };};}; buildConfigurationList = D5974C0286484E359875C79F; compatibilityVersion = "Xcode 14.0"; developmentRegion = en; hasScannedForEncodings = 0; knownRegions = (en, Base); mainGroup = D82E9F20AEF947EB8047EA78; productRefGroup = D41773F1F81949F68DFE29F1; projectDirPath = ""; projectRoot = ""; targets = (0F73B73B3F7D44DFA1C9E58D); };
		FCC6FBBFF48144CD8530BF96 = {isa = PBXResourcesBuildPhase; buildActionMask = 2147483647; files = (798249EC6B5F49B9B139E5E0); runOnlyForDeploymentPostprocessing = 0; };
		E727B796E77442509677A9AA = {isa = PBXSourcesBuildPhase; buildActionMask = 2147483647; files = (A058238D1AA140E2AB74E620, E2EF8F65AB154729994704E2); runOnlyForDeploymentPostprocessing = 0; };
		BB1643CD405B4F949C45ADA5 = {isa = XCBuildConfiguration; buildSettings = {
				ALWAYS_SEARCH_USER_PATHS = NO;ASSETCATALOG_COMPILER_APPICON_NAME = AppIcon; CODE_SIGN_STYLE = Automatic; CURRENT_PROJECT_VERSION = 1; DEVELOPMENT_TEAM = ""; ENABLE_PREVIEWS = YES; GENERATE_INFOPLIST_FILE = YES; INFOPLIST_KEY_CFBundleDisplayName = BlazonCalc; INFOPLIST_KEY_UIApplicationSceneManifest_Generation = YES; INFOPLIST_KEY_UILaunchScreen_Generation = YES; IPHONEOS_DEPLOYMENT_TARGET = 16.0; MARKETING_VERSION = 1.0; PRODUCT_BUNDLE_IDENTIFIER = com.blazonshots.calculator; PRODUCT_NAME = "$(TARGET_NAME)"; SWIFT_VERSION = 5.0; TARGETED_DEVICE_FAMILY = "1,2"; }; name = Debug; };
		4AE0824218684792A018A0FA = {isa = XCBuildConfiguration; buildSettings = {ASSETCATALOG_COMPILER_APPICON_NAME = AppIcon; CODE_SIGN_STYLE = Automatic; CURRENT_PROJECT_VERSION = 1; DEVELOPMENT_TEAM = ""; ENABLE_PREVIEWS = YES; GENERATE_INFOPLIST_FILE = YES; INFOPLIST_KEY_CFBundleDisplayName = BlazonCalc; INFOPLIST_KEY_UIApplicationSceneManifest_Generation = YES; INFOPLIST_KEY_UILaunchScreen_Generation = YES; IPHONEOS_DEPLOYMENT_TARGET = 16.0; MARKETING_VERSION = 1.0; PRODUCT_BUNDLE_IDENTIFIER = com.blazonshots.calculator; PRODUCT_NAME = "$(TARGET_NAME)"; SWIFT_VERSION = 5.0; TARGETED_DEVICE_FAMILY = "1,2"; }; name = Release; };
		D5974C0286484E359875C79F = {isa = XCConfigurationList; buildConfigurations = (BB1643CD405B4F949C45ADA5, 4AE0824218684792A018A0FA); defaultConfigurationIsVisible = 0; defaultConfigurationName = Release; };
		DAF9A7B0679A4B939DF9914B = {isa = XCConfigurationList; buildConfigurations = (BB1643CD405B4F949C45ADA5, 4AE0824218684792A018A0FA); defaultConfigurationIsVisible = 0; defaultConfigurationName = Release; };
	};
	rootObject = 988196E7325C49B9854AD401;
}
